
Microsoft Visual Studio Solution File, Format Version 12.00
# Visual Studio 15
VisualStudioVersion = 15.0.28307.136
MinimumVisualStudioVersion = 10.0.40219.1
Project("{2150E333-8FDC-42A3-9474-1A3956D46DE8}") = "Samples", "Samples", "{EFC23B93-B81A-46A3-A53A-B5E5EB647C18}"
EndProject
Project("{2150E333-8FDC-42A3-9474-1A3956D46DE8}") = "Tests", "Tests", "{5CCF1DDA-1C04-4B77-910E-42D4D89A7DE3}"
EndProject
Project("{FAE04EC0-301F-11D3-BF4B-00C04F79EFBC}") = "DateTimeDependency", "samples\DateTimeDependency\DateTimeDependency.csproj", "{DB5A1E6A-BFA7-4709-8598-6552B8733463}"
EndProject
Project("{FAE04EC0-301F-11D3-BF4B-00C04F79EFBC}") = "DateTimeDependency.Tests", "tests\DateTimeDependency.Tests\DateTimeDependency.Tests.csproj", "{779983E7-0FBB-4614-9093-2411EDBC9BA4}"
EndProject
Project("{FAE04EC0-301F-11D3-BF4B-00C04F79EFBC}") = "Mediator.Cqrs", "samples\Mediator.Cqrs\Mediator.Cqrs.csproj", "{E69B96E9-239C-49FB-B5AE-BE1ED4CDD44E}"
EndProject
Project("{FAE04EC0-301F-11D3-BF4B-00C04F79EFBC}") = "Mediator.Tests", "tests\Mediator.Tests\Mediator.Tests.csproj", "{A5864FD2-5EC0-44F9-A536-F3D75FB83A55}"
EndProject
Global
	GlobalSection(SolutionConfigurationPlatforms) = preSolution
		Debug|Any CPU = Debug|Any CPU
		Release|Any CPU = Release|Any CPU
	EndGlobalSection
	GlobalSection(ProjectConfigurationPlatforms) = postSolution
		{DB5A1E6A-BFA7-4709-8598-6552B8733463}.Debug|Any CPU.ActiveCfg = Debug|Any CPU
		{DB5A1E6A-BFA7-4709-8598-6552B8733463}.Debug|Any CPU.Build.0 = Debug|Any CPU
		{DB5A1E6A-BFA7-4709-8598-6552B8733463}.Release|Any CPU.ActiveCfg = Release|Any CPU
		{DB5A1E6A-BFA7-4709-8598-6552B8733463}.Release|Any CPU.Build.0 = Release|Any CPU
		{779983E7-0FBB-4614-9093-2411EDBC9BA4}.Debug|Any CPU.ActiveCfg = Debug|Any CPU
		{779983E7-0FBB-4614-9093-2411EDBC9BA4}.Debug|Any CPU.Build.0 = Debug|Any CPU
		{779983E7-0FBB-4614-9093-2411EDBC9BA4}.Release|Any CPU.ActiveCfg = Release|Any CPU
		{779983E7-0FBB-4614-9093-2411EDBC9BA4}.Release|Any CPU.Build.0 = Release|Any CPU
		{E69B96E9-239C-49FB-B5AE-BE1ED4CDD44E}.Debug|Any CPU.ActiveCfg = Debug|Any CPU
		{E69B96E9-239C-49FB-B5AE-BE1ED4CDD44E}.Debug|Any CPU.Build.0 = Debug|Any CPU
		{E69B96E9-239C-49FB-B5AE-BE1ED4CDD44E}.Release|Any CPU.ActiveCfg = Release|Any CPU
		{E69B96E9-239C-49FB-B5AE-BE1ED4CDD44E}.Release|Any CPU.Build.0 = Release|Any CPU
		{A5864FD2-5EC0-44F9-A536-F3D75FB83A55}.Debug|Any CPU.ActiveCfg = Debug|Any CPU
		{A5864FD2-5EC0-44F9-A536-F3D75FB83A55}.Debug|Any CPU.Build.0 = Debug|Any CPU
		{A5864FD2-5EC0-44F9-A536-F3D75FB83A55}.Release|Any CPU.ActiveCfg = Release|Any CPU
		{A5864FD2-5EC0-44F9-A536-F3D75FB83A55}.Release|Any CPU.Build.0 = Release|Any CPU
	EndGlobalSection
	GlobalSection(SolutionProperties) = preSolution
		HideSolutionNode = FALSE
	EndGlobalSection
	GlobalSection(NestedProjects) = preSolution
		{DB5A1E6A-BFA7-4709-8598-6552B8733463} = {EFC23B93-B81A-46A3-A53A-B5E5EB647C18}
		{779983E7-0FBB-4614-9093-2411EDBC9BA4} = {5CCF1DDA-1C04-4B77-910E-42D4D89A7DE3}
		{E69B96E9-239C-49FB-B5AE-BE1ED4CDD44E} = {EFC23B93-B81A-46A3-A53A-B5E5EB647C18}
		{A5864FD2-5EC0-44F9-A536-F3D75FB83A55} = {5CCF1DDA-1C04-4B77-910E-42D4D89A7DE3}
	EndGlobalSection
	GlobalSection(ExtensibilityGlobals) = postSolution
		SolutionGuid = {A702C2CA-DA74-413A-84A1-81D0F4C5ADD1}
	EndGlobalSection
EndGlobal
